
Microsoft Visual Studio Solution File, Format Version 12.00
# Visual Studio Version 17
VisualStudioVersion = 17.9.34723.18
MinimumVisualStudioVersion = 10.0.40219.1
Project("{FAE04EC0-301F-11D3-BF4B-00C04F79EFBC}") = "RabbitMQProducerConsumerAPI", "WebApplication1\RabbitMQProducerConsumerAPI.csproj", "{67B4C9C6-BBCF-4969-B183-7A6DBE0001A0}"
EndProject
Global
	GlobalSection(SolutionConfigurationPlatforms) = preSolution
		Debug|Any CPU = Debug|Any CPU
		Release|Any CPU = Release|Any CPU
	EndGlobalSection
	GlobalSection(ProjectConfigurationPlatforms) = postSolution
		{67B4C9C6-BBCF-4969-B183-7A6DBE0001A0}.Debug|Any CPU.ActiveCfg = Debug|Any CPU
		{67B4C9C6-BBCF-4969-B183-7A6DBE0001A0}.Debug|Any CPU.Build.0 = Debug|Any CPU
		{67B4C9C6-BBCF-4969-B183-7A6DBE0001A0}.Release|Any CPU.ActiveCfg = Release|Any CPU
		{67B4C9C6-BBCF-4969-B183-7A6DBE0001A0}.Release|Any CPU.Build.0 = Release|Any CPU
	EndGlobalSection
	GlobalSection(SolutionProperties) = preSolution
		HideSolutionNode = FALSE
	EndGlobalSection
	GlobalSection(ExtensibilityGlobals) = postSolution
		SolutionGuid = {5337E2ED-F24D-4DAB-BCAB-A99F8310C52A}
	EndGlobalSection
EndGlobal
